{
  "name": "flask-stripe-checkout",
  "lockfileVersion": 3,
  "requires": true,
  "packages": {
    "": {
      "dependencies": {
        "country-region-data": "^3.1.0"
      }
    },
    "node_modules/country-region-data": {
      "version": "3.1.0",
      "resolved": "https://registry.npmjs.org/country-region-data/-/country-region-data-3.1.0.tgz",
      "integrity": "sha512-Xy5HoXk2byCS45+88ErCor/a0q6r22ur/Os69p71kfmescu3od4B1lpe7dQdAa0T9HYqqKX04QsrnZ5FmIWh9g==",
      "license": "MIT"
    }
  }
}
